{
  "version": "5",
  "specifiers": {
    "jsr:@logtape/logtape@*": "2.0.2",
    "jsr:@logtape/logtape@0.11": "0.11.1",
    "jsr:@std/dotenv@*": "0.225.6"
  },
  "jsr": {
    "@logtape/logtape@0.11.1": {
      "integrity": "5c121cdea625e7a310c895b9a8d953218a7c5454731e3a7068b5b57db2c53194"
    },
    "@logtape/logtape@2.0.2": {
      "integrity": "546fcd514e66f2b841c6f261fa3a3d905b52d876dc1bba8ffe1a087d9275c4c9"
    },
    "@std/dotenv@0.225.6": {
      "integrity": "1d6f9db72f565bd26790fa034c26e45ecb260b5245417be76c2279e5734c421b"
    }
  },
  "redirects": {
    "https://esm.sh/@supabase/supabase-js@2": "https://esm.sh/@supabase/supabase-js@2.99.3"
  },
  "remote": {
    "https://esm.sh/@supabase/supabase-js@2.99.3": "043625cad1798d7e165a9cfcea145ac7d309c34786e5558023fecbcf565abfc7"
  },
  "workspace": {
    "packageJson": {
      "dependencies": [
        "npm:@ai-sdk/anthropic@^3.0.66",
        "npm:@ai-sdk/google@^3.0.58",
        "npm:@base-ui/react@^1.3.0",
        "npm:@biomejs/biome@^2.4.8",
        "npm:@radix-ui/react-portal@^1.1.10",
        "npm:@radix-ui/react-use-controllable-state@^1.2.2",
        "npm:@rive-app/react-webgl2@^4.27.2",
        "npm:@streamdown/cjk@^1.0.3",
        "npm:@streamdown/code@^1.1.1",
        "npm:@streamdown/math@^1.0.2",
        "npm:@streamdown/mermaid@^1.0.2",
        "npm:@supabase/ssr@0.9",
        "npm:@supabase/supabase-js@^2.99.3",
        "npm:@tailwindcss/postcss@^4.2.2",
        "npm:@types/node@^20.19.37",
        "npm:@types/react-dom@^19.2.3",
        "npm:@types/react@^19.2.14",
        "npm:ai@^6.0.146",
        "npm:ansi-to-react@^6.2.6",
        "npm:class-variance-authority@~0.7.1",
        "npm:clsx@^2.1.1",
        "npm:cmdk@^1.1.1",
        "npm:embla-carousel-react@^8.6.0",
        "npm:eslint-config-next@16.1.7",
        "npm:eslint-plugin-vercel-ai-security@^1.3.5",
        "npm:eslint@^9.39.4",
        "npm:framer-motion@^12.38.0",
        "npm:lucide-react@0.577",
        "npm:media-chrome@^4.18.2",
        "npm:nanoid@^5.1.7",
        "npm:next@16.1.7",
        "npm:onborda@^1.2.5",
        "npm:react-dom@19.2.3",
        "npm:react-jsx-parser@^2.4.1",
        "npm:react@19.2.3",
        "npm:shadcn@^4.1.0",
        "npm:shiki@^4.0.2",
        "npm:sonner@^2.0.7",
        "npm:streamdown@^2.5.0",
        "npm:swr@^2.4.1",
        "npm:tailwind-merge@^3.5.0",
        "npm:tailwindcss@^4.2.2",
        "npm:tokenlens@^1.3.1",
        "npm:tw-animate-css@^1.4.0",
        "npm:typescript@^5.9.3",
        "npm:use-stick-to-bottom@^1.1.3",
        "npm:vitest@^4.1.0",
        "npm:zod@^4.3.6"
      ]
    }
  }
}
